
Microsoft Visual Studio Solution File, Format Version 12.00
# Visual Studio Version 16
VisualStudioVersion = 16.0.30717.126
MinimumVisualStudioVersion = 10.0.40219.1
Project("{FAE04EC0-301F-11D3-BF4B-00C04F79EFBC}") = "YogiClient", "YogiClient\YogiClient.csproj", "{54146210-870F-4396-AD83-2ECF404CF2EE}"
EndProject
Global
	GlobalSection(SolutionConfigurationPlatforms) = preSolution
		Debug|Any CPU = Debug|Any CPU
		Release|Any CPU = Release|Any CPU
	EndGlobalSection
	GlobalSection(ProjectConfigurationPlatforms) = postSolution
		{54146210-870F-4396-AD83-2ECF404CF2EE}.Debug|Any CPU.ActiveCfg = Debug|Any CPU
		{54146210-870F-4396-AD83-2ECF404CF2EE}.Debug|Any CPU.Build.0 = Debug|Any CPU
		{54146210-870F-4396-AD83-2ECF404CF2EE}.Release|Any CPU.ActiveCfg = Release|Any CPU
		{54146210-870F-4396-AD83-2ECF404CF2EE}.Release|Any CPU.Build.0 = Release|Any CPU
	EndGlobalSection
	GlobalSection(SolutionProperties) = preSolution
		HideSolutionNode = FALSE
	EndGlobalSection
	GlobalSection(ExtensibilityGlobals) = postSolution
		SolutionGuid = {03E37A65-E92A-449F-9364-A893E43E7367}
	EndGlobalSection
EndGlobal
